
Microsoft Visual Studio Solution File, Format Version 12.00
# Visual Studio 14
VisualStudioVersion = 14.0.25420.1
MinimumVisualStudioVersion = 10.0.40219.1
Project("{2150E333-8FDC-42A3-9474-1A3956D46DE8}") = "src", "src", "{317B83A9-9ACE-4385-9481-2D4DF08FCE8E}"
EndProject
Project("{2150E333-8FDC-42A3-9474-1A3956D46DE8}") = "Solution Items", "Solution Items", "{BDEFBBF4-9FC2-4716-BE0B-B76D653FCD4B}"
	ProjectSection(SolutionItems) = preProject
		global.json = global.json
	EndProjectSection
EndProject
Project("{8BB2217D-0F2D-49D1-97BC-3654ED321F3B}") = "NetInTen.Console", "src\NetInTen-Console\NetInTen.Console.xproj", "{73AA58ED-FFDE-4E60-94DA-B083641C0244}"
EndProject
Project("{8BB2217D-0F2D-49D1-97BC-3654ED321F3B}") = "NetInTen.Services.GitHub", "src\NetInTen.Services.GitHub\NetInTen.Services.GitHub.xproj", "{BFE95E13-B46A-40BE-A4B1-95175B51FAA1}"
EndProject
Global
	GlobalSection(SolutionConfigurationPlatforms) = preSolution
		Debug|Any CPU = Debug|Any CPU
		Release|Any CPU = Release|Any CPU
	EndGlobalSection
	GlobalSection(ProjectConfigurationPlatforms) = postSolution
		{73AA58ED-FFDE-4E60-94DA-B083641C0244}.Debug|Any CPU.ActiveCfg = Debug|Any CPU
		{73AA58ED-FFDE-4E60-94DA-B083641C0244}.Debug|Any CPU.Build.0 = Debug|Any CPU
		{73AA58ED-FFDE-4E60-94DA-B083641C0244}.Release|Any CPU.ActiveCfg = Release|Any CPU
		{73AA58ED-FFDE-4E60-94DA-B083641C0244}.Release|Any CPU.Build.0 = Release|Any CPU
		{BFE95E13-B46A-40BE-A4B1-95175B51FAA1}.Debug|Any CPU.ActiveCfg = Debug|Any CPU
		{BFE95E13-B46A-40BE-A4B1-95175B51FAA1}.Debug|Any CPU.Build.0 = Debug|Any CPU
		{BFE95E13-B46A-40BE-A4B1-95175B51FAA1}.Release|Any CPU.ActiveCfg = Release|Any CPU
		{BFE95E13-B46A-40BE-A4B1-95175B51FAA1}.Release|Any CPU.Build.0 = Release|Any CPU
	EndGlobalSection
	GlobalSection(SolutionProperties) = preSolution
		HideSolutionNode = FALSE
	EndGlobalSection
	GlobalSection(NestedProjects) = preSolution
		{73AA58ED-FFDE-4E60-94DA-B083641C0244} = {317B83A9-9ACE-4385-9481-2D4DF08FCE8E}
		{BFE95E13-B46A-40BE-A4B1-95175B51FAA1} = {317B83A9-9ACE-4385-9481-2D4DF08FCE8E}
	EndGlobalSection
EndGlobal
